// !$*UTF8*$!
{
	archiveVersion = 1;
	classes = {
	};
	objectVersion = 46;
	objects = {

/* Begin PBXBuildFile section */
		9FABEF031E4C1FBE00530C58 /* AppDelegate.swift in Sources */ = {isa = PBXBuildFile; fileRef = 9FABEF021E4C1FBE00530C58 /* AppDelegate.swift */; };
		9FABEF051E4C1FBE00530C58 /* FirstViewController.swift in Sources */ = {isa = PBXBuildFile; fileRef = 9FABEF041E4C1FBE00530C58 /* FirstViewController.swift */; };
		9FABEF071E4C1FBE00530C58 /* SecondViewController.swift in Sources */ = {isa = PBXBuildFile; fileRef = 9FABEF061E4C1FBE00530C58 /* SecondViewController.swift */; };
		9FABEF0A1E4C1FBE00530C58 /* Main.storyboard in Resources */ = {isa = PBXBuildFile; fileRef = 9FABEF081E4C1FBE00530C58 /* Main.storyboard */; };
		9FABEF0C1E4C1FBE00530C58 /* Assets.xcassets in Resources */ = {isa = PBXBuildFile; fileRef = 9FABEF0B1E4C1FBE00530C58 /* Assets.xcassets */; };
		9FABEF0F1E4C1FBE00530C58 /* LaunchScreen.storyboard in Resources */ = {isa = PBXBuildFile; fileRef = 9FABEF0D1E4C1FBE00530C58 /* LaunchScreen.storyboard */; };
		9FABEF1A1E4C1FBE00530C58 /* tab_labTests.swift in Sources */ = {isa = PBXBuildFile; fileRef = 9FABEF191E4C1FBE00530C58 /* tab_labTests.swift */; };
		9FABEF251E4C1FBE00530C58 /* tab_labUITests.swift in Sources */ = {isa = PBXBuildFile; fileRef = 9FABEF241E4C1FBE00530C58 /* tab_labUITests.swift */; };
		9FABEF331E4C22D200530C58 /* foodplist.plist in Resources */ = {isa = PBXBuildFile; fileRef = 9FABEF321E4C22D200530C58 /* foodplist.plist */; };
/* End PBXBuildFile section */

/* Begin PBXContainerItemProxy section */
		9FABEF161E4C1FBE00530C58 /* PBXContainerItemProxy */ = {
			isa = PBXContainerItemProxy;
			containerPortal = 9FABEEF71E4C1FBE00530C58 /* Project object */;
			proxyType = 1;
			remoteGlobalIDString = 9FABEEFE1E4C1FBE00530C58;
			remoteInfo = tab_lab;
		};
		9FABEF211E4C1FBE00530C58 /* PBXContainerItemProxy */ = {
			isa = PBXContainerItemProxy;
			containerPortal = 9FABEEF71E4C1FBE00530C58 /* Project object */;
			proxyType = 1;
			remoteGlobalIDString = 9FABEEFE1E4C1FBE00530C58;
			remoteInfo = tab_lab;
		};
/* End PBXContainerItemProxy section */

/* Begin PBXFileReference section */
		9FABEEFF1E4C1FBE00530C58 /* tab_lab.app */ = {isa = PBXFileReference; explicitFileType = wrapper.application; includeInIndex = 0; path = tab_lab.app; sourceTree = BUILT_PRODUCTS_DIR; };
		9FABEF021E4C1FBE00530C58 /* AppDelegate.swift */ = {isa = PBXFileReference; lastKnownFileType = sourcecode.swift; path = AppDelegate.swift; sourceTree = "<group>"; };
		9FABEF041E4C1FBE00530C58 /* FirstViewController.swift */ = {isa = PBXFileReference; lastKnownFileType = sourcecode.swift; path = FirstViewController.swift; sourceTree = "<group>"; };
		9FABEF061E4C1FBE00530C58 /* SecondViewController.swift */ = {isa = PBXFileReference; lastKnownFileType = sourcecode.swift; path = SecondViewController.swift; sourceTree = "<group>"; };
		9FABEF091E4C1FBE00530C58 /* Base */ = {isa = PBXFileReference; lastKnownFileType = file.storyboard; name = Base; path = Base.lproj/Main.storyboard; sourceTree = "<group>"; };
		9FABEF0B1E4C1FBE00530C58 /* Assets.xcassets */ = {isa = PBXFileReference; lastKnownFileType = folder.assetcatalog; path = Assets.xcassets; sourceTree = "<group>"; };
		9FABEF0E1E4C1FBE00530C58 /* Base */ = {isa = PBXFileReference; lastKnownFileType = file.storyboard; name = Base; path = Base.lproj/LaunchScreen.storyboard; sourceTree = "<group>"; };
		9FABEF101E4C1FBE00530C58 /* Info.plist */ = {isa = PBXFileReference; lastKnownFileType = text.plist.xml; path = Info.plist; sourceTree = "<group>"; };
		9FABEF151E4C1FBE00530C58 /* tab_labTests.xctest */ = {isa = PBXFileReference; explicitFileType = wrapper.cfbundle; includeInIndex = 0; path = tab_labTests.xctest; sourceTree = BUILT_PRODUCTS_DIR; };
		9FABEF191E4C1FBE00530C58 /* tab_labTests.swift */ = {isa = PBXFileReference; lastKnownFileType = sourcecode.swift; path = tab_labTests.swift; sourceTree = "<group>"; };
		9FABEF1B1E4C1FBE00530C58 /* Info.plist */ = {isa = PBXFileReference; lastKnownFileType = text.plist.xml; path = Info.plist; sourceTree = "<group>"; };
		9FABEF201E4C1FBE00530C58 /* tab_labUITests.xctest */ = {isa = PBXFileReference; explicitFileType = wrapper.cfbundle; includeInIndex = 0; path = tab_labUITests.xctest; sourceTree = BUILT_PRODUCTS_DIR; };
		9FABEF241E4C1FBE00530C58 /* tab_labUITests.swift */ = {isa = PBXFileReference; lastKnownFileType = sourcecode.swift; path = tab_labUITests.swift; sourceTree = "<group>"; };
		9FABEF261E4C1FBE00530C58 /* Info.plist */ = {isa = PBXFileReference; lastKnownFileType = text.plist.xml; path = Info.plist; sourceTree = "<group>"; };
		9FABEF321E4C22D200530C58 /* foodplist.plist */ = {isa = PBXFileReference; fileEncoding = 4; lastKnownFileType = text.plist.xml; path = foodplist.plist; sourceTree = "<group>"; };
/* End PBXFileReference section */

/* Begin PBXFrameworksBuildPhase section */
		9FABEEFC1E4C1FBE00530C58 /* Frameworks */ = {
			isa = PBXFrameworksBuildPhase;
			buildActionMask = 2147483647;
			files = (
			);
			runOnlyForDeploymentPostprocessing = 0;
		};
		9FABEF121E4C1FBE00530C58 /* Frameworks */ = {
			isa = PBXFrameworksBuildPhase;
			buildActionMask = 2147483647;
			files = (
			);
			runOnlyForDeploymentPostprocessing = 0;
		};
		9FABEF1D1E4C1FBE00530C58 /* Frameworks */ = {
			isa = PBXFrameworksBuildPhase;
			buildActionMask = 2147483647;
			files = (
			);
			runOnlyForDeploymentPostprocessing = 0;
		};
/* End PBXFrameworksBuildPhase section */

/* Begin PBXGroup section */
		9FABEEF61E4C1FBE00530C58 = {
			isa = PBXGroup;
			children = (
				9FABEF011E4C1FBE00530C58 /* tab_lab */,
				9FABEF181E4C1FBE00530C58 /* tab_labTests */,
				9FABEF231E4C1FBE00530C58 /* tab_labUITests */,
				9FABEF001E4C1FBE00530C58 /* Products */,
			);
			sourceTree = "<group>";
		};
		9FABEF001E4C1FBE00530C58 /* Products */ = {
			isa = PBXGroup;
			children = (
				9FABEEFF1E4C1FBE00530C58 /* tab_lab.app */,
				9FABEF151E4C1FBE00530C58 /* tab_labTests.xctest */,
				9FABEF201E4C1FBE00530C58 /* tab_labUITests.xctest */,
			);
			name = Products;
			sourceTree = "<group>";
		};
		9FABEF011E4C1FBE00530C58 /* tab_lab */ = {
			isa = PBXGroup;
			children = (
				9FABEF021E4C1FBE00530C58 /* AppDelegate.swift */,
				9FABEF041E4C1FBE00530C58 /* FirstViewController.swift */,
				9FABEF061E4C1FBE00530C58 /* SecondViewController.swift */,
				9FABEF081E4C1FBE00530C58 /* Main.storyboard */,
				9FABEF0B1E4C1FBE00530C58 /* Assets.xcassets */,
				9FABEF0D1E4C1FBE00530C58 /* LaunchScreen.storyboard */,
				9FABEF101E4C1FBE00530C58 /* Info.plist */,
				9FABEF321E4C22D200530C58 /* foodplist.plist */,
			);
			path = tab_lab;
			sourceTree = "<group>";
		};
		9FABEF181E4C1FBE00530C58 /* tab_labTests */ = {
			isa = PBXGroup;
			children = (
				9FABEF191E4C1FBE00530C58 /* tab_labTests.swift */,
				9FABEF1B1E4C1FBE00530C58 /* Info.plist */,
			);
			path = tab_labTests;
			sourceTree = "<group>";
		};
		9FABEF231E4C1FBE00530C58 /* tab_labUITests */ = {
			isa = PBXGroup;
			children = (
				9FABEF241E4C1FBE00530C58 /* tab_labUITests.swift */,
				9FABEF261E4C1FBE00530C58 /* Info.plist */,
			);
			path = tab_labUITests;
			sourceTree = "<group>";
		};
/* End PBXGroup section */

/* Begin PBXNativeTarget section */
		9FABEEFE1E4C1FBE00530C58 /* tab_lab */ = {
			isa = PBXNativeTarget;
			buildConfigurationList = 9FABEF291E4C1FBE00530C58 /* Build configuration list for PBXNativeTarget "tab_lab" */;
			buildPhases = (
				9FABEEFB1E4C1FBE00530C58 /* Sources */,
				9FABEEFC1E4C1FBE00530C58 /* Frameworks */,
				9FABEEFD1E4C1FBE00530C58 /* Resources */,
			);
			buildRules = (
			);
			dependencies = (
			);
			name = tab_lab;
			productName = tab_lab;
			productReference = 9FABEEFF1E4C1FBE00530C58 /* tab_lab.app */;
			productType = "com.apple.product-type.application";
		};
		9FABEF141E4C1FBE00530C58 /* tab_labTests */ = {
			isa = PBXNativeTarget;
			buildConfigurationList = 9FABEF2C1E4C1FBE00530C58 /* Build configuration list for PBXNativeTarget "tab_labTests" */;
			buildPhases = (
				9FABEF111E4C1FBE00530C58 /* Sources */,
				9FABEF121E4C1FBE00530C58 /* Frameworks */,
				9FABEF131E4C1FBE00530C58 /* Resources */,
			);
			buildRules = (
			);
			dependencies = (
				9FABEF171E4C1FBE00530C58 /* PBXTargetDependency */,
			);
			name = tab_labTests;
			productName = tab_labTests;
			productReference = 9FABEF151E4C1FBE00530C58 /* tab_labTests.xctest */;
			productType = "com.apple.product-type.bundle.unit-test";
		};
		9FABEF1F1E4C1FBE00530C58 /* tab_labUITests */ = {
			isa = PBXNativeTarget;
			buildConfigurationList = 9FABEF2F1E4C1FBE00530C58 /* Build configuration list for PBXNativeTarget "tab_labUITests" */;
			buildPhases = (
				9FABEF1C1E4C1FBE00530C58 /* Sources */,
				9FABEF1D1E4C1FBE00530C58 /* Frameworks */,
				9FABEF1E1E4C1FBE00530C58 /* Resources */,
			);
			buildRules = (
			);
			dependencies = (
				9FABEF221E4C1FBE00530C58 /* PBXTargetDependency */,
			);
			name = tab_labUITests;
			productName = tab_labUITests;
			productReference = 9FABEF201E4C1FBE00530C58 /* tab_labUITests.xctest */;
			productType = "com.apple.product-type.bundle.ui-testing";
		};
/* End PBXNativeTarget section */

/* Begin PBXProject section */
		9FABEEF71E4C1FBE00530C58 /* Project object */ = {
			isa = PBXProject;
			attributes = {
				LastSwiftUpdateCheck = 0820;
				LastUpgradeCheck = 0820;
				ORGANIZATIONNAME = FMT;
				TargetAttributes = {
					9FABEEFE1E4C1FBE00530C58 = {
						CreatedOnToolsVersion = 8.2.1;
						ProvisioningStyle = Automatic;
					};
					9FABEF141E4C1FBE00530C58 = {
						CreatedOnToolsVersion = 8.2.1;
						ProvisioningStyle = Automatic;
						TestTargetID = 9FABEEFE1E4C1FBE00530C58;
					};
					9FABEF1F1E4C1FBE00530C58 = {
						CreatedOnToolsVersion = 8.2.1;
						ProvisioningStyle = Automatic;
						TestTargetID = 9FABEEFE1E4C1FBE00530C58;
					};
				};
			};
			buildConfigurationList = 9FABEEFA1E4C1FBE00530C58 /* Build configuration list for PBXProject "tab_lab" */;
			compatibilityVersion = "Xcode 3.2";
			developmentRegion = English;
			hasScannedForEncodings = 0;
			knownRegions = (
				en,
				Base,
			);
			mainGroup = 9FABEEF61E4C1FBE00530C58;
			productRefGroup = 9FABEF001E4C1FBE00530C58 /* Products */;
			projectDirPath = "";
			projectRoot = "";
			targets = (
				9FABEEFE1E4C1FBE00530C58 /* tab_lab */,
				9FABEF141E4C1FBE00530C58 /* tab_labTests */,
				9FABEF1F1E4C1FBE00530C58 /* tab_labUITests */,
			);
		};
/* End PBXProject section */

/* Begin PBXResourcesBuildPhase section */
		9FABEEFD1E4C1FBE00530C58 /* Resources */ = {
			isa = PBXResourcesBuildPhase;
			buildActionMask = 2147483647;
			files = (
				9FABEF0F1E4C1FBE00530C58 /* LaunchScreen.storyboard in Resources */,
				9FABEF331E4C22D200530C58 /* foodplist.plist in Resources */,
				9FABEF0C1E4C1FBE00530C58 /* Assets.xcassets in Resources */,
				9FABEF0A1E4C1FBE00530C58 /* Main.storyboard in Resources */,
			);
			runOnlyForDeploymentPostprocessing = 0;
		};
		9FABEF131E4C1FBE00530C58 /* Resources */ = {
			isa = PBXResourcesBuildPhase;
			buildActionMask = 2147483647;
			files = (
			);
			runOnlyForDeploymentPostprocessing = 0;
		};
		9FABEF1E1E4C1FBE00530C58 /* Resources */ = {
			isa = PBXResourcesBuildPhase;
			buildActionMask = 2147483647;
			files = (
			);
			runOnlyForDeploymentPostprocessing = 0;
		};
/* End PBXResourcesBuildPhase section */

/* Begin PBXSourcesBuildPhase section */
		9FABEEFB1E4C1FBE00530C58 /* Sources */ = {
			isa = PBXSourcesBuildPhase;
			buildActionMask = 2147483647;
			files = (
				9FABEF071E4C1FBE00530C58 /* SecondViewController.swift in Sources */,
				9FABEF031E4C1FBE00530C58 /* AppDelegate.swift in Sources */,
				9FABEF051E4C1FBE00530C58 /* FirstViewController.swift in Sources */,
			);
			runOnlyForDeploymentPostprocessing = 0;
		};
		9FABEF111E4C1FBE00530C58 /* Sources */ = {
			isa = PBXSourcesBuildPhase;
			buildActionMask = 2147483647;
			files = (
				9FABEF1A1E4C1FBE00530C58 /* tab_labTests.swift in Sources */,
			);
			runOnlyForDeploymentPostprocessing = 0;
		};
		9FABEF1C1E4C1FBE00530C58 /* Sources */ = {
			isa = PBXSourcesBuildPhase;
			buildActionMask = 2147483647;
			files = (
				9FABEF251E4C1FBE00530C58 /* tab_labUITests.swift in Sources */,
			);
			runOnlyForDeploymentPostprocessing = 0;
		};
/* End PBXSourcesBuildPhase section */

/* Begin PBXTargetDependency section */
		9FABEF171E4C1FBE00530C58 /* PBXTargetDependency */ = {
			isa = PBXTargetDependency;
			target = 9FABEEFE1E4C1FBE00530C58 /* tab_lab */;
			targetProxy = 9FABEF161E4C1FBE00530C58 /* PBXContainerItemProxy */;
		};
		9FABEF221E4C1FBE00530C58 /* PBXTargetDependency */ = {
			isa = PBXTargetDependency;
			target = 9FABEEFE1E4C1FBE00530C58 /* tab_lab */;
			targetProxy = 9FABEF211E4C1FBE00530C58 /* PBXContainerItemProxy */;
		};
/* End PBXTargetDependency section */

/* Begin PBXVariantGroup section */
		9FABEF081E4C1FBE00530C58 /* Main.storyboard */ = {
			isa = PBXVariantGroup;
			children = (
				9FABEF091E4C1FBE00530C58 /* Base */,
			);
			name = Main.storyboard;
			sourceTree = "<group>";
		};
		9FABEF0D1E4C1FBE00530C58 /* LaunchScreen.storyboard */ = {
			isa = PBXVariantGroup;
			children = (
				9FABEF0E1E4C1FBE00530C58 /* Base */,
			);
			name = LaunchScreen.storyboard;
			sourceTree = "<group>";
		};
/* End PBXVariantGroup section */

/* Begin XCBuildConfiguration section */
		9FABEF271E4C1FBE00530C58 /* Debug */ = {
			isa = XCBuildConfiguration;
			buildSettings = {
				ALWAYS_SEARCH_USER_PATHS = NO;
				CLANG_ANALYZER_NONNULL = YES;
				CLANG_CXX_LANGUAGE_STANDARD = "gnu++0x";
				CLANG_CXX_LIBRARY = "libc++";
				CLANG_ENABLE_MODULES = YES;
				CLANG_ENABLE_OBJC_ARC = YES;
				CLANG_WARN_BOOL_CONVERSION = YES;
				CLANG_WARN_CONSTANT_CONVERSION = YES;
				CLANG_WARN_DIRECT_OBJC_ISA_USAGE = YES_ERROR;
				CLANG_WARN_DOCUMENTATION_COMMENTS = YES;
				CLANG_WARN_EMPTY_BODY = YES;
				CLANG_WARN_ENUM_CONVERSION = YES;
				CLANG_WARN_INFINITE_RECURSION = YES;
				CLANG_WARN_INT_CONVERSION = YES;
				CLANG_WARN_OBJC_ROOT_CLASS = YES_ERROR;
				CLANG_WARN_SUSPICIOUS_MOVE = YES;
				CLANG_WARN_UNREACHABLE_CODE = YES;
				CLANG_WARN__DUPLICATE_METHOD_MATCH = YES;
				"CODE_SIGN_IDENTITY[sdk=iphoneos*]" = "iPhone Developer";
				COPY_PHASE_STRIP = NO;
				DEBUG_INFORMATION_FORMAT = dwarf;
				ENABLE_STRICT_OBJC_MSGSEND = YES;
				ENABLE_TESTABILITY = YES;
				GCC_C_LANGUAGE_STANDARD = gnu99;
				GCC_DYNAMIC_NO_PIC = NO;
				GCC_NO_COMMON_BLOCKS = YES;
				GCC_OPTIMIZATION_LEVEL = 0;
				GCC_PREPROCESSOR_DEFINITIONS = (
					"DEBUG=1",
					"$(inherited)",
				);
				GCC_WARN_64_TO_32_BIT_CONVERSION = YES;
				GCC_WARN_ABOUT_RETURN_TYPE = YES_ERROR;
				GCC_WARN_UNDECLARED_SELECTOR = YES;
				GCC_WARN_UNINITIALIZED_AUTOS = YES_AGGRESSIVE;
				GCC_WARN_UNUSED_FUNCTION = YES;
				GCC_WARN_UNUSED_VARIABLE = YES;
				IPHONEOS_DEPLOYMENT_TARGET = 10.2;
				MTL_ENABLE_DEBUG_INFO = YES;
				ONLY_ACTIVE_ARCH = YES;
				SDKROOT = iphoneos;
				SWIFT_ACTIVE_COMPILATION_CONDITIONS = DEBUG;
				SWIFT_OPTIMIZATION_LEVEL = "-Onone";
				TARGETED_DEVICE_FAMILY = "1,2";
			};
			name = Debug;
		};
		9FABEF281E4C1FBE00530C58 /* Release */ = {
			isa = XCBuildConfiguration;
			buildSettings = {
				ALWAYS_SEARCH_USER_PATHS = NO;
				CLANG_ANALYZER_NONNULL = YES;
				CLANG_CXX_LANGUAGE_STANDARD = "gnu++0x";
				CLANG_CXX_LIBRARY = "libc++";
				CLANG_ENABLE_MODULES = YES;
				CLANG_ENABLE_OBJC_ARC = YES;
				CLANG_WARN_BOOL_CONVERSION = YES;
				CLANG_WARN_CONSTANT_CONVERSION = YES;
				CLANG_WARN_DIRECT_OBJC_ISA_USAGE = YES_ERROR;
				CLANG_WARN_DOCUMENTATION_COMMENTS = YES;
				CLANG_WARN_EMPTY_BODY = YES;
				CLANG_WARN_ENUM_CONVERSION = YES;
				CLANG_WARN_INFINITE_RECURSION = YES;
				CLANG_WARN_INT_CONVERSION = YES;
				CLANG_WARN_OBJC_ROOT_CLASS = YES_ERROR;
				CLANG_WARN_SUSPICIOUS_MOVE = YES;
				CLANG_WARN_UNREACHABLE_CODE = YES;
				CLANG_WARN__DUPLICATE_METHOD_MATCH = YES;
				"CODE_SIGN_IDENTITY[sdk=iphoneos*]" = "iPhone Developer";
				COPY_PHASE_STRIP = NO;
				DEBUG_INFORMATION_FORMAT = "dwarf-with-dsym";
				ENABLE_NS_ASSERTIONS = NO;
				ENABLE_STRICT_OBJC_MSGSEND = YES;
				GCC_C_LANGUAGE_STANDARD = gnu99;
				GCC_NO_COMMON_BLOCKS = YES;
				GCC_WARN_64_TO_32_BIT_CONVERSION = YES;
				GCC_WARN_ABOUT_RETURN_TYPE = YES_ERROR;
				GCC_WARN_UNDECLARED_SELECTOR = YES;
				GCC_WARN_UNINITIALIZED_AUTOS = YES_AGGRESSIVE;
				GCC_WARN_UNUSED_FUNCTION = YES;
				GCC_WARN_UNUSED_VARIABLE = YES;
				IPHONEOS_DEPLOYMENT_TARGET = 10.2;
				MTL_ENABLE_DEBUG_INFO = NO;
				SDKROOT = iphoneos;
				SWIFT_OPTIMIZATION_LEVEL = "-Owholemodule";
				TARGETED_DEVICE_FAMILY = "1,2";
				VALIDATE_PRODUCT = YES;
			};
			name = Release;
		};
		9FABEF2A1E4C1FBE00530C58 /* Debug */ = {
			isa = XCBuildConfiguration;
			buildSettings = {
				ASSETCATALOG_COMPILER_APPICON_NAME = AppIcon;
				INFOPLIST_FILE = tab_lab/Info.plist;
				LD_RUNPATH_SEARCH_PATHS = "$(inherited) @executable_path/Frameworks";
				PRODUCT_BUNDLE_IDENTIFIER = "com.begginingiphone.tab-lab";
				PRODUCT_NAME = "$(TARGET_NAME)";
				SWIFT_VERSION = 3.0;
			};
			name = Debug;
		};
		9FABEF2B1E4C1FBE00530C58 /* Release */ = {
			isa = XCBuildConfiguration;
			buildSettings = {
				ASSETCATALOG_COMPILER_APPICON_NAME = AppIcon;
				INFOPLIST_FILE = tab_lab/Info.plist;
				LD_RUNPATH_SEARCH_PATHS = "$(inherited) @executable_path/Frameworks";
				PRODUCT_BUNDLE_IDENTIFIER = "com.begginingiphone.tab-lab";
				PRODUCT_NAME = "$(TARGET_NAME)";
				SWIFT_VERSION = 3.0;
			};
			name = Release;
		};
		9FABEF2D1E4C1FBE00530C58 /* Debug */ = {
			isa = XCBuildConfiguration;
			buildSettings = {
				ALWAYS_EMBED_SWIFT_STANDARD_LIBRARIES = YES;
				BUNDLE_LOADER = "$(TEST_HOST)";
				INFOPLIST_FILE = tab_labTests/Info.plist;
				LD_RUNPATH_SEARCH_PATHS = "$(inherited) @executable_path/Frameworks @loader_path/Frameworks";
				PRODUCT_BUNDLE_IDENTIFIER = "com.begginingiphone.tab-labTests";
				PRODUCT_NAME = "$(TARGET_NAME)";
				SWIFT_VERSION = 3.0;
				TEST_HOST = "$(BUILT_PRODUCTS_DIR)/tab_lab.app/tab_lab";
			};
			name = Debug;
		};
		9FABEF2E1E4C1FBE00530C58 /* Release */ = {
			isa = XCBuildConfiguration;
			buildSettings = {
				ALWAYS_EMBED_SWIFT_STANDARD_LIBRARIES = YES;
				BUNDLE_LOADER = "$(TEST_HOST)";
				INFOPLIST_FILE = tab_labTests/Info.plist;
				LD_RUNPATH_SEARCH_PATHS = "$(inherited) @executable_path/Frameworks @loader_path/Frameworks";
				PRODUCT_BUNDLE_IDENTIFIER = "com.begginingiphone.tab-labTests";
				PRODUCT_NAME = "$(TARGET_NAME)";
				SWIFT_VERSION = 3.0;
				TEST_HOST = "$(BUILT_PRODUCTS_DIR)/tab_lab.app/tab_lab";
			};
			name = Release;
		};
		9FABEF301E4C1FBE00530C58 /* Debug */ = {
			isa = XCBuildConfiguration;
			buildSettings = {
				ALWAYS_EMBED_SWIFT_STANDARD_LIBRARIES = YES;
				INFOPLIST_FILE = tab_labUITests/Info.plist;
				LD_RUNPATH_SEARCH_PATHS = "$(inherited) @executable_path/Frameworks @loader_path/Frameworks";
				PRODUCT_BUNDLE_IDENTIFIER = "com.begginingiphone.tab-labUITests";
				PRODUCT_NAME = "$(TARGET_NAME)";
				SWIFT_VERSION = 3.0;
				TEST_TARGET_NAME = tab_lab;
			};
			name = Debug;
		};
		9FABEF311E4C1FBE00530C58 /* Release */ = {
			isa = XCBuildConfiguration;
			buildSettings = {
				ALWAYS_EMBED_SWIFT_STANDARD_LIBRARIES = YES;
				INFOPLIST_FILE = tab_labUITests/Info.plist;
				LD_RUNPATH_SEARCH_PATHS = "$(inherited) @executable_path/Frameworks @loader_path/Frameworks";
				PRODUCT_BUNDLE_IDENTIFIER = "com.begginingiphone.tab-labUITests";
				PRODUCT_NAME = "$(TARGET_NAME)";
				SWIFT_VERSION = 3.0;
				TEST_TARGET_NAME = tab_lab;
			};
			name = Release;
		};
/* End XCBuildConfiguration section */

/* Begin XCConfigurationList section */
		9FABEEFA1E4C1FBE00530C58 /* Build configuration list for PBXProject "tab_lab" */ = {
			isa = XCConfigurationList;
			buildConfigurations = (
				9FABEF271E4C1FBE00530C58 /* Debug */,
				9FABEF281E4C1FBE00530C58 /* Release */,
			);
			defaultConfigurationIsVisible = 0;
			defaultConfigurationName = Release;
		};
		9FABEF291E4C1FBE00530C58 /* Build configuration list for PBXNativeTarget "tab_lab" */ = {
			isa = XCConfigurationList;
			buildConfigurations = (
				9FABEF2A1E4C1FBE00530C58 /* Debug */,
				9FABEF2B1E4C1FBE00530C58 /* Release */,
			);
			defaultConfigurationIsVisible = 0;
		};
		9FABEF2C1E4C1FBE00530C58 /* Build configuration list for PBXNativeTarget "tab_labTests" */ = {
			isa = XCConfigurationList;
			buildConfigurations = (
				9FABEF2D1E4C1FBE00530C58 /* Debug */,
				9FABEF2E1E4C1FBE00530C58 /* Release */,
			);
			defaultConfigurationIsVisible = 0;
		};
		9FABEF2F1E4C1FBE00530C58 /* Build configuration list for PBXNativeTarget "tab_labUITests" */ = {
			isa = XCConfigurationList;
			buildConfigurations = (
				9FABEF301E4C1FBE00530C58 /* Debug */,
				9FABEF311E4C1FBE00530C58 /* Release */,
			);
			defaultConfigurationIsVisible = 0;
		};
/* End XCConfigurationList section */
	};
	rootObject = 9FABEEF71E4C1FBE00530C58 /* Project object */;
}
